PODS:
  - Alamofire (5.7.1)
  - GooglePlaces (8.1.0)
  - Mocker (2.5.5)

DEPENDENCIES:
  - Alamofire
  - GooglePlaces (= 8.1.0)
  - Mocker

SPEC REPOS:
  trunk:
    - Alamofire
    - GooglePlaces
    - Mocker

SPEC CHECKSUMS:
  Alamofire: 0123a34370cb170936ae79a8df46cc62b2edeb88
  GooglePlaces: 6a219644272d9c0f40d0b9ef2f111bfb2043bafc
  Mocker: 8c731a8104962f246cadf2b02556218e9edc1390

PODFILE CHECKSUM: a49e3ac28d08935033d811c5cef5bc0e13c53544

COCOAPODS: 1.12.1
